
Microsoft Visual Studio Solution File, Format Version 12.00
# Visual Studio 15
VisualStudioVersion = 15.0.27703.2026
MinimumVisualStudioVersion = 10.0.40219.1
Project("{FAE04EC0-301F-11D3-BF4B-00C04F79EFBC}") = "Damselfly", "Damselfly\Damselfly.csproj", "{9BC871E5-BAFC-407D-8E7F-E78D2C1041C5}"
EndProject
Project("{FAE04EC0-301F-11D3-BF4B-00C04F79EFBC}") = "TestApp", "TestApp\TestApp.csproj", "{FA2B5B66-FA07-4CEB-91D1-D798C1AC985B}"
EndProject
Project("{FAE04EC0-301F-11D3-BF4B-00C04F79EFBC}") = "Components.Aphid", "..\Aphid\Components.Aphid\Components.Aphid.csproj", "{4249DB75-BBB6-4CC4-B046-3170DD1D3BC1}"
EndProject
Project("{FAE04EC0-301F-11D3-BF4B-00C04F79EFBC}") = "Aphid", "..\Aphid\Aphid\Aphid.csproj", "{EFDE894B-FA3D-4202-9A08-C9F69C0B0799}"
EndProject
Global
	GlobalSection(Performance) = preSolution
		HasPerformanceSessions = true
	EndGlobalSection
	GlobalSection(SolutionConfigurationPlatforms) = preSolution
		Debug|Default = Debug|Default
		Release|Default = Release|Default
		Release64|Default = Release64|Default
	EndGlobalSection
	GlobalSection(ProjectConfigurationPlatforms) = postSolution
		{9BC871E5-BAFC-407D-8E7F-E78D2C1041C5}.Debug|Default.ActiveCfg = Debug|Any CPU
		{9BC871E5-BAFC-407D-8E7F-E78D2C1041C5}.Debug|Default.Build.0 = Debug|Any CPU
		{9BC871E5-BAFC-407D-8E7F-E78D2C1041C5}.Release|Default.ActiveCfg = Release|Any CPU
		{9BC871E5-BAFC-407D-8E7F-E78D2C1041C5}.Release|Default.Build.0 = Release|Any CPU
		{9BC871E5-BAFC-407D-8E7F-E78D2C1041C5}.Release64|Default.ActiveCfg = Release|x64
		{9BC871E5-BAFC-407D-8E7F-E78D2C1041C5}.Release64|Default.Build.0 = Release|x64
		{FA2B5B66-FA07-4CEB-91D1-D798C1AC985B}.Debug|Default.ActiveCfg = Debug|Any CPU
		{FA2B5B66-FA07-4CEB-91D1-D798C1AC985B}.Debug|Default.Build.0 = Debug|Any CPU
		{FA2B5B66-FA07-4CEB-91D1-D798C1AC985B}.Release|Default.ActiveCfg = Release|Any CPU
		{FA2B5B66-FA07-4CEB-91D1-D798C1AC985B}.Release|Default.Build.0 = Release|Any CPU
		{FA2B5B66-FA07-4CEB-91D1-D798C1AC985B}.Release64|Default.ActiveCfg = Release|x64
		{FA2B5B66-FA07-4CEB-91D1-D798C1AC985B}.Release64|Default.Build.0 = Release|x64
		{4249DB75-BBB6-4CC4-B046-3170DD1D3BC1}.Debug|Default.ActiveCfg = Debug|Default
		{4249DB75-BBB6-4CC4-B046-3170DD1D3BC1}.Debug|Default.Build.0 = Debug|Default
		{4249DB75-BBB6-4CC4-B046-3170DD1D3BC1}.Release|Default.ActiveCfg = Release|Default
		{4249DB75-BBB6-4CC4-B046-3170DD1D3BC1}.Release|Default.Build.0 = Release|Default
		{4249DB75-BBB6-4CC4-B046-3170DD1D3BC1}.Release64|Default.ActiveCfg = Release64|Default
		{4249DB75-BBB6-4CC4-B046-3170DD1D3BC1}.Release64|Default.Build.0 = Release64|Default
		{EFDE894B-FA3D-4202-9A08-C9F69C0B0799}.Debug|Default.ActiveCfg = Debug|Default
		{EFDE894B-FA3D-4202-9A08-C9F69C0B0799}.Debug|Default.Build.0 = Debug|Default
		{EFDE894B-FA3D-4202-9A08-C9F69C0B0799}.Release|Default.ActiveCfg = Release|Default
		{EFDE894B-FA3D-4202-9A08-C9F69C0B0799}.Release|Default.Build.0 = Release|Default
		{EFDE894B-FA3D-4202-9A08-C9F69C0B0799}.Release64|Default.ActiveCfg = Release64|Default
		{EFDE894B-FA3D-4202-9A08-C9F69C0B0799}.Release64|Default.Build.0 = Release64|Default
	EndGlobalSection
	GlobalSection(SolutionProperties) = preSolution
		HideSolutionNode = FALSE
	EndGlobalSection
	GlobalSection(ExtensibilityGlobals) = postSolution
		SolutionGuid = {F7E47A12-0DC1-4167-A2FD-33C7032E494B}
	EndGlobalSection
	GlobalSection(Performance) = preSolution
		HasPerformanceSessions = true
	EndGlobalSection
EndGlobal
